
Microsoft Visual Studio Solution File, Format Version 12.00
# Visual Studio 14
VisualStudioVersion = 14.0.25123.0
MinimumVisualStudioVersion = 10.0.40219.1
Project("{FAE04EC0-301F-11D3-BF4B-00C04F79EFBC}") = "SmallGames2016", "SmallGames2016\SmallGames2016.csproj", "{AC410ECF-44AF-40EF-8006-4D635BB27E38}"
EndProject
Project("{FAE04EC0-301F-11D3-BF4B-00C04F79EFBC}") = "SmallGames2016.Web", "SmallGames2016.Web\SmallGames2016.Web.csproj", "{4D2848DD-799E-4833-8A98-B396BC6B092E}"
EndProject
Global
	GlobalSection(SolutionConfigurationPlatforms) = preSolution
		Debug|Any CPU = Debug|Any CPU
		Release|Any CPU = Release|Any CPU
	EndGlobalSection
	GlobalSection(ProjectConfigurationPlatforms) = postSolution
		{AC410ECF-44AF-40EF-8006-4D635BB27E38}.Debug|Any CPU.ActiveCfg = Debug|Any CPU
		{AC410ECF-44AF-40EF-8006-4D635BB27E38}.Debug|Any CPU.Build.0 = Debug|Any CPU
		{AC410ECF-44AF-40EF-8006-4D635BB27E38}.Release|Any CPU.ActiveCfg = Release|Any CPU
		{AC410ECF-44AF-40EF-8006-4D635BB27E38}.Release|Any CPU.Build.0 = Release|Any CPU
		{4D2848DD-799E-4833-8A98-B396BC6B092E}.Debug|Any CPU.ActiveCfg = Debug|Any CPU
		{4D2848DD-799E-4833-8A98-B396BC6B092E}.Debug|Any CPU.Build.0 = Debug|Any CPU
		{4D2848DD-799E-4833-8A98-B396BC6B092E}.Release|Any CPU.ActiveCfg = Release|Any CPU
		{4D2848DD-799E-4833-8A98-B396BC6B092E}.Release|Any CPU.Build.0 = Release|Any CPU
	EndGlobalSection
	GlobalSection(SolutionProperties) = preSolution
		HideSolutionNode = FALSE
	EndGlobalSection
EndGlobal
